
Microsoft Visual Studio Solution File, Format Version 12.00
# Visual Studio Version 17
VisualStudioVersion = 17.3.32901.215
MinimumVisualStudioVersion = 10.0.40219.1
Project("{FAE04EC0-301F-11D3-BF4B-00C04F79EFBC}") = "ex1(timer)", "ex1(timer)\ex1(timer).csproj", "{7160F2ED-0D03-4AEB-A101-72C00908BAA7}"
EndProject
Project("{FAE04EC0-301F-11D3-BF4B-00C04F79EFBC}") = "ex2(game.fly)", "ex2(game.fly)\ex2(game.fly).csproj", "{B89C7CF2-A0DC-4763-9EC2-142B4C77FBC6}"
EndProject
Project("{FAE04EC0-301F-11D3-BF4B-00C04F79EFBC}") = "speedgame", "speedgame\speedgame.csproj", "{478CA2BE-32D5-4A0A-B1AD-0D82EAD357B6}"
EndProject
Global
	GlobalSection(SolutionConfigurationPlatforms) = preSolution
		Debug|Any CPU = Debug|Any CPU
		Release|Any CPU = Release|Any CPU
	EndGlobalSection
	GlobalSection(ProjectConfigurationPlatforms) = postSolution
		{7160F2ED-0D03-4AEB-A101-72C00908BAA7}.Debug|Any CPU.ActiveCfg = Debug|Any CPU
		{7160F2ED-0D03-4AEB-A101-72C00908BAA7}.Debug|Any CPU.Build.0 = Debug|Any CPU
		{7160F2ED-0D03-4AEB-A101-72C00908BAA7}.Release|Any CPU.ActiveCfg = Release|Any CPU
		{7160F2ED-0D03-4AEB-A101-72C00908BAA7}.Release|Any CPU.Build.0 = Release|Any CPU
		{B89C7CF2-A0DC-4763-9EC2-142B4C77FBC6}.Debug|Any CPU.ActiveCfg = Debug|Any CPU
		{B89C7CF2-A0DC-4763-9EC2-142B4C77FBC6}.Debug|Any CPU.Build.0 = Debug|Any CPU
		{B89C7CF2-A0DC-4763-9EC2-142B4C77FBC6}.Release|Any CPU.ActiveCfg = Release|Any CPU
		{B89C7CF2-A0DC-4763-9EC2-142B4C77FBC6}.Release|Any CPU.Build.0 = Release|Any CPU
		{478CA2BE-32D5-4A0A-B1AD-0D82EAD357B6}.Debug|Any CPU.ActiveCfg = Debug|Any CPU
		{478CA2BE-32D5-4A0A-B1AD-0D82EAD357B6}.Debug|Any CPU.Build.0 = Debug|Any CPU
		{478CA2BE-32D5-4A0A-B1AD-0D82EAD357B6}.Release|Any CPU.ActiveCfg = Release|Any CPU
		{478CA2BE-32D5-4A0A-B1AD-0D82EAD357B6}.Release|Any CPU.Build.0 = Release|Any CPU
	EndGlobalSection
	GlobalSection(SolutionProperties) = preSolution
		HideSolutionNode = FALSE
	EndGlobalSection
	GlobalSection(ExtensibilityGlobals) = postSolution
		SolutionGuid = {5C7C5CD2-5F4D-472B-A31E-B872212BFFC0}
	EndGlobalSection
EndGlobal
